
Microsoft Visual Studio Solution File, Format Version 12.00
# Visual Studio Version 16
VisualStudioVersion = 16.0.30907.101
MinimumVisualStudioVersion = 10.0.40219.1
Project("{FAE04EC0-301F-11D3-BF4B-00C04F79EFBC}") = "NoorGeneralHospital", "NoorGeneralHospital\NoorGeneralHospital.csproj", "{3F3E0162-E5B0-4045-8355-99993A195073}"
EndProject
Global
	GlobalSection(SolutionConfigurationPlatforms) = preSolution
		Debug|Any CPU = Debug|Any CPU
		Release|Any CPU = Release|Any CPU
	EndGlobalSection
	GlobalSection(ProjectConfigurationPlatforms) = postSolution
		{3F3E0162-E5B0-4045-8355-99993A195073}.Debug|Any CPU.ActiveCfg = Debug|Any CPU
		{3F3E0162-E5B0-4045-8355-99993A195073}.Debug|Any CPU.Build.0 = Debug|Any CPU
		{3F3E0162-E5B0-4045-8355-99993A195073}.Release|Any CPU.ActiveCfg = Release|Any CPU
		{3F3E0162-E5B0-4045-8355-99993A195073}.Release|Any CPU.Build.0 = Release|Any CPU
	EndGlobalSection
	GlobalSection(SolutionProperties) = preSolution
		HideSolutionNode = FALSE
	EndGlobalSection
	GlobalSection(ExtensibilityGlobals) = postSolution
		SolutionGuid = {5441C6C5-59A1-4DFB-BD84-6B70B97F38E1}
	EndGlobalSection
EndGlobal
